// !$*UTF8*$!
{
	archiveVersion = 1;
	classes = {
	};
	objectVersion = 77;
	objects = {

/* Begin PBXBuildFile section */
		A64FA81C2E4591F500E28761 /* Alamofire in Frameworks */ = {isa = PBXBuildFile; productRef = A64FA81B2E4591F500E28761 /* Alamofire */; };

/* End PBXBuildFile section */

/* Begin PBXContainerItemProxy section */
		A64FA7FE2E4399E600E28761 /* PBXContainerItemProxy */ = {
			isa = PBXContainerItemProxy;
			containerPortal = A64FA7E82E4399E300E28761 /* Project object */;
			proxyType = 1;
			remoteGlobalIDString = A64FA7EF2E4399E300E28761;
			remoteInfo = iFast;
		};
		A64FA8082E4399E600E28761 /* PBXContainerItemProxy */ = {
			isa = PBXContainerItemProxy;
			containerPortal = A64FA7E82E4399E300E28761 /* Project object */;
			proxyType = 1;
			remoteGlobalIDString = A64FA7EF2E4399E300E28761;
			remoteInfo = iFast;
		};
/* End PBXContainerItemProxy section */

/* Begin PBXFileReference section */
		A64FA7F02E4399E300E28761 /* iFast.app */ = {isa = PBXFileReference; explicitFileType = wrapper.application; includeInIndex = 0; path = iFast.app; sourceTree = BUILT_PRODUCTS_DIR; };
		A64FA7FD2E4399E600E28761 /* iFastTests.xctest */ = {isa = PBXFileReference; explicitFileType = wrapper.cfbundle; includeInIndex = 0; path = iFastTests.xctest; sourceTree = BUILT_PRODUCTS_DIR; };
		A64FA8072E4399E600E28761 /* iFastUITests.xctest */ = {isa = PBXFileReference; explicitFileType = wrapper.cfbundle; includeInIndex = 0; path = iFastUITests.xctest; sourceTree = BUILT_PRODUCTS_DIR; };
/* End PBXFileReference section */

/* Begin PBXFileSystemSynchronizedRootGroup section */
		A64FA7F22E4399E300E28761 /* iFast */ = {
			isa = PBXFileSystemSynchronizedRootGroup;
			path = iFast;
			sourceTree = "<group>";
		};
		A64FA8002E4399E600E28761 /* iFastTests */ = {
			isa = PBXFileSystemSynchronizedRootGroup;
			path = iFastTests;
			sourceTree = "<group>";
		};
		A64FA80A2E4399E600E28761 /* iFastUITests */ = {
			isa = PBXFileSystemSynchronizedRootGroup;
			path = iFastUITests;
			sourceTree = "<group>";
		};
/* End PBXFileSystemSynchronizedRootGroup section */

/* Begin PBXFrameworksBuildPhase section */
		A64FA7ED2E4399E300E28761 /* Frameworks */ = {
			isa = PBXFrameworksBuildPhase;
			buildActionMask = 2147483647;
			files = (
							A64FA81C2E4591F500E28761 /* Alamofire in Frameworks */,
			);
			runOnlyForDeploymentPostprocessing = 0;
		};
		A64FA7FA2E4399E600E28761 /* Frameworks */ = {
			isa = PBXFrameworksBuildPhase;
			buildActionMask = 2147483647;
			files = (
			);
			runOnlyForDeploymentPostprocessing = 0;
		};
		A64FA8042E4399E600E28761 /* Frameworks */ = {
			isa = PBXFrameworksBuildPhase;
			buildActionMask = 2147483647;
			files = (
			);
			runOnlyForDeploymentPostprocessing = 0;
		};
/* End PBXFrameworksBuildPhase section */

/* Begin PBXGroup section */
		A64FA7E72E4399E300E28761 = {
			isa = PBXGroup;
			children = (
				A64FA7F22E4399E300E28761 /* iFast */,
				A64FA8002E4399E600E28761 /* iFastTests */,
				A64FA80A2E4399E600E28761 /* iFastUITests */,
				A64FA7F12E4399E300E28761 /* Products */,
			);
			sourceTree = "<group>";
		};
		A64FA7F12E4399E300E28761 /* Products */ = {
			isa = PBXGroup;
			children = (
				A64FA7F02E4399E300E28761 /* iFast.app */,
				A64FA7FD2E4399E600E28761 /* iFastTests.xctest */,
				A64FA8072E4399E600E28761 /* iFastUITests.xctest */,
			);
			name = Products;
			sourceTree = "<group>";
		};
/* End PBXGroup section */

/* Begin PBXNativeTarget section */
		A64FA7EF2E4399E300E28761 /* iFast */ = {
			isa = PBXNativeTarget;
			buildConfigurationList = A64FA8112E4399E600E28761 /* Build configuration list for PBXNativeTarget "iFast" */;
			buildPhases = (
				A64FA7EC2E4399E300E28761 /* Sources */,
				A64FA7ED2E4399E300E28761 /* Frameworks */,
				A64FA7EE2E4399E300E28761 /* Resources */,
			);
			buildRules = (
			);
			dependencies = (
			);
			fileSystemSynchronizedGroups = (
				A64FA7F22E4399E300E28761 /* iFast */,
			);
			name = iFast;
			packageProductDependencies = (
						A64FA81B2E4591F500E28761 /* Alamofire */,
			);
			productName = iFast;
			productReference = A64FA7F02E4399E300E28761 /* iFast.app */;
			productType = "com.apple.product-type.application";
		};
		A64FA7FC2E4399E600E28761 /* iFastTests */ = {
			isa = PBXNativeTarget;
			buildConfigurationList = A64FA8142E4399E600E28761 /* Build configuration list for PBXNativeTarget "iFastTests" */;
			buildPhases = (
				A64FA7F92E4399E600E28761 /* Sources */,
				A64FA7FA2E4399E600E28761 /* Frameworks */,
				A64FA7FB2E4399E600E28761 /* Resources */,
			);
			buildRules = (
			);
			dependencies = (
				A64FA7FF2E4399E600E28761 /* PBXTargetDependency */,
			);
			fileSystemSynchronizedGroups = (
				A64FA8002E4399E600E28761 /* iFastTests */,
			);
			name = iFastTests;
			packageProductDependencies = (
			);
			productName = iFastTests;
			productReference = A64FA7FD2E4399E600E28761 /* iFastTests.xctest */;
			productType = "com.apple.product-type.bundle.unit-test";
		};
		A64FA8062E4399E600E28761 /* iFastUITests */ = {
			isa = PBXNativeTarget;
			buildConfigurationList = A64FA8172E4399E600E28761 /* Build configuration list for PBXNativeTarget "iFastUITests" */;
			buildPhases = (
				A64FA8032E4399E600E28761 /* Sources */,
				A64FA8042E4399E600E28761 /* Frameworks */,
				A64FA8052E4399E600E28761 /* Resources */,
			);
			buildRules = (
			);
			dependencies = (
				A64FA8092E4399E600E28761 /* PBXTargetDependency */,
			);
			fileSystemSynchronizedGroups = (
				A64FA80A2E4399E600E28761 /* iFastUITests */,
			);
			name = iFastUITests;
			packageProductDependencies = (
			);
			productName = iFastUITests;
			productReference = A64FA8072E4399E600E28761 /* iFastUITests.xctest */;
			productType = "com.apple.product-type.bundle.ui-testing";
		};
/* End PBXNativeTarget section */

/* Begin PBXProject section */
		A64FA7E82E4399E300E28761 /* Project object */ = {
			isa = PBXProject;
			attributes = {
				BuildIndependentTargetsInParallel = 1;
				LastSwiftUpdateCheck = 1630;
				LastUpgradeCheck = 1630;
				TargetAttributes = {
					A64FA7EF2E4399E300E28761 = {
						CreatedOnToolsVersion = 16.3;
					};
					A64FA7FC2E4399E600E28761 = {
						CreatedOnToolsVersion = 16.3;
						TestTargetID = A64FA7EF2E4399E300E28761;
					};
					A64FA8062E4399E600E28761 = {
						CreatedOnToolsVersion = 16.3;
						TestTargetID = A64FA7EF2E4399E300E28761;
					};
				};
			};
			buildConfigurationList = A64FA7EB2E4399E300E28761 /* Build configuration list for PBXProject "iFast" */;
			developmentRegion = en;
			hasScannedForEncodings = 0;
			knownRegions = (
				en,
				Base,
			);
			mainGroup = A64FA7E72E4399E300E28761;
			minimizedProjectReferenceProxies = 1;
			packageReferences = (
				A64FA81A2E4591F500E28761 /* XCRemoteSwiftPackageReference "Alamofire" */,
			);
			preferredProjectObjectVersion = 77;
			productRefGroup = A64FA7F12E4399E300E28761 /* Products */;
			projectDirPath = "";
			projectRoot = "";
			targets = (
				A64FA7EF2E4399E300E28761 /* iFast */,
				A64FA7FC2E4399E600E28761 /* iFastTests */,
				A64FA8062E4399E600E28761 /* iFastUITests */,
			);
		};
/* End PBXProject section */

/* Begin PBXResourcesBuildPhase section */
		A64FA7EE2E4399E300E28761 /* Resources */ = {
			isa = PBXResourcesBuildPhase;
			buildActionMask = 2147483647;
			files = (
			);
			runOnlyForDeploymentPostprocessing = 0;
		};
		A64FA7FB2E4399E600E28761 /* Resources */ = {
			isa = PBXResourcesBuildPhase;
			buildActionMask = 2147483647;
			files = (
			);
			runOnlyForDeploymentPostprocessing = 0;
		};
		A64FA8052E4399E600E28761 /* Resources */ = {
			isa = PBXResourcesBuildPhase;
			buildActionMask = 2147483647;
			files = (
			);
			runOnlyForDeploymentPostprocessing = 0;
		};
/* End PBXResourcesBuildPhase section */

/* Begin PBXSourcesBuildPhase section */
		A64FA7EC2E4399E300E28761 /* Sources */ = {
			isa = PBXSourcesBuildPhase;
			buildActionMask = 2147483647;
			files = (
			);
			runOnlyForDeploymentPostprocessing = 0;
		};
		A64FA7F92E4399E600E28761 /* Sources */ = {
			isa = PBXSourcesBuildPhase;
			buildActionMask = 2147483647;
			files = (
			);
			runOnlyForDeploymentPostprocessing = 0;
		};
		A64FA8032E4399E600E28761 /* Sources */ = {
			isa = PBXSourcesBuildPhase;
			buildActionMask = 2147483647;
			files = (
			);
			runOnlyForDeploymentPostprocessing = 0;
		};
/* End PBXSourcesBuildPhase section */

/* Begin PBXTargetDependency section */
		A64FA7FF2E4399E600E28761 /* PBXTargetDependency */ = {
			isa = PBXTargetDependency;
			target = A64FA7EF2E4399E300E28761 /* iFast */;
			targetProxy = A64FA7FE2E4399E600E28761 /* PBXContainerItemProxy */;
		};
		A64FA8092E4399E600E28761 /* PBXTargetDependency */ = {
			isa = PBXTargetDependency;
			target = A64FA7EF2E4399E300E28761 /* iFast */;
			targetProxy = A64FA8082E4399E600E28761 /* PBXContainerItemProxy */;
		};
/* End PBXTargetDependency section */

/* Begin XCBuildConfiguration section */
		A64FA80F2E4399E600E28761 /* Debug */ = {
			isa = XCBuildConfiguration;
			buildSettings = {
				ALWAYS_SEARCH_USER_PATHS = NO;
				ASSETCATALOG_COMPILER_GENERATE_SWIFT_ASSET_SYMBOL_EXTENSIONS = YES;
				CLANG_ANALYZER_NONNULL = YES;
				CLANG_ANALYZER_NUMBER_OBJECT_CONVERSION = YES_AGGRESSIVE;
				CLANG_CXX_LANGUAGE_STANDARD = "gnu++20";
				CLANG_ENABLE_MODULES = YES;
				CLANG_ENABLE_OBJC_ARC = YES;
				CLANG_ENABLE_OBJC_WEAK = YES;
				CLANG_WARN_BLOCK_CAPTURE_AUTORELEASING = YES;
				CLANG_WARN_BOOL_CONVERSION = YES;
				CLANG_WARN_COMMA = YES;
				CLANG_WARN_CONSTANT_CONVERSION = YES;
				CLANG_WARN_DEPRECATED_OBJC_IMPLEMENTATIONS = YES;
				CLANG_WARN_DIRECT_OBJC_ISA_USAGE = YES_ERROR;
				CLANG_WARN_DOCUMENTATION_COMMENTS = YES;
				CLANG_WARN_EMPTY_BODY = YES;
				CLANG_WARN_ENUM_CONVERSION = YES;
				CLANG_WARN_INFINITE_RECURSION = YES;
				CLANG_WARN_INT_CONVERSION = YES;
				CLANG_WARN_NON_LITERAL_NULL_CONVERSION = YES;
				CLANG_WARN_OBJC_IMPLICIT_RETAIN_SELF = YES;
				CLANG_WARN_OBJC_LITERAL_CONVERSION = YES;
				CLANG_WARN_OBJC_ROOT_CLASS = YES_ERROR;
				CLANG_WARN_QUOTED_INCLUDE_IN_FRAMEWORK_HEADER = YES;
				CLANG_WARN_RANGE_LOOP_ANALYSIS = YES;
				CLANG_WARN_STRICT_PROTOTYPES = YES;
				CLANG_WARN_SUSPICIOUS_MOVE = YES;
				CLANG_WARN_UNGUARDED_AVAILABILITY = YES_AGGRESSIVE;
				CLANG_WARN_UNREACHABLE_CODE = YES;
				CLANG_WARN__DUPLICATE_METHOD_MATCH = YES;
				COPY_PHASE_STRIP = NO;
				DEBUG_INFORMATION_FORMAT = dwarf;
				ENABLE_STRICT_OBJC_MSGSEND = YES;
				ENABLE_TESTABILITY = YES;
				ENABLE_USER_SCRIPT_SANDBOXING = YES;
				GCC_C_LANGUAGE_STANDARD = gnu17;
				GCC_DYNAMIC_NO_PIC = NO;
				GCC_NO_COMMON_BLOCKS = YES;
				GCC_OPTIMIZATION_LEVEL = 0;
				GCC_PREPROCESSOR_DEFINITIONS = (
					"DEBUG=1",
					"$(inherited)",
				);
				GCC_WARN_64_TO_32_BIT_CONVERSION = YES;
				GCC_WARN_ABOUT_RETURN_TYPE = YES_ERROR;
				GCC_WARN_UNDECLARED_SELECTOR = YES;
				GCC_WARN_UNINITIALIZED_AUTOS = YES_AGGRESSIVE;
				GCC_WARN_UNUSED_FUNCTION = YES;
				GCC_WARN_UNUSED_VARIABLE = YES;
				IPHONEOS_DEPLOYMENT_TARGET = 18.4;
				LOCALIZATION_PREFERS_STRING_CATALOGS = YES;
				MTL_ENABLE_DEBUG_INFO = INCLUDE_SOURCE;
				MTL_FAST_MATH = YES;
				ONLY_ACTIVE_ARCH = YES;
				SDKROOT = iphoneos;
				SWIFT_ACTIVE_COMPILATION_CONDITIONS = "DEBUG $(inherited)";
				SWIFT_OPTIMIZATION_LEVEL = "-Onone";
			};
			name = Debug;
		};
		A64FA8102E4399E600E28761 /* Release */ = {
			isa = XCBuildConfiguration;
			buildSettings = {
				ALWAYS_SEARCH_USER_PATHS = NO;
				ASSETCATALOG_COMPILER_GENERATE_SWIFT_ASSET_SYMBOL_EXTENSIONS = YES;
				CLANG_ANALYZER_NONNULL = YES;
				CLANG_ANALYZER_NUMBER_OBJECT_CONVERSION = YES_AGGRESSIVE;
				CLANG_CXX_LANGUAGE_STANDARD = "gnu++20";
				CLANG_ENABLE_MODULES = YES;
				CLANG_ENABLE_OBJC_ARC = YES;
				CLANG_ENABLE_OBJC_WEAK = YES;
				CLANG_WARN_BLOCK_CAPTURE_AUTORELEASING = YES;
				CLANG_WARN_BOOL_CONVERSION = YES;
				CLANG_WARN_COMMA = YES;
				CLANG_WARN_CONSTANT_CONVERSION = YES;
				CLANG_WARN_DEPRECATED_OBJC_IMPLEMENTATIONS = YES;
				CLANG_WARN_DIRECT_OBJC_ISA_USAGE = YES_ERROR;
				CLANG_WARN_DOCUMENTATION_COMMENTS = YES;
				CLANG_WARN_EMPTY_BODY = YES;
				CLANG_WARN_ENUM_CONVERSION = YES;
				CLANG_WARN_INFINITE_RECURSION = YES;
				CLANG_WARN_INT_CONVERSION = YES;
				CLANG_WARN_NON_LITERAL_NULL_CONVERSION = YES;
				CLANG_WARN_OBJC_IMPLICIT_RETAIN_SELF = YES;
				CLANG_WARN_OBJC_LITERAL_CONVERSION = YES;
				CLANG_WARN_OBJC_ROOT_CLASS = YES_ERROR;
				CLANG_WARN_QUOTED_INCLUDE_IN_FRAMEWORK_HEADER = YES;
				CLANG_WARN_RANGE_LOOP_ANALYSIS = YES;
				CLANG_WARN_STRICT_PROTOTYPES = YES;
				CLANG_WARN_SUSPICIOUS_MOVE = YES;
				CLANG_WARN_UNGUARDED_AVAILABILITY = YES_AGGRESSIVE;
				CLANG_WARN_UNREACHABLE_CODE = YES;
				CLANG_WARN__DUPLICATE_METHOD_MATCH = YES;
				COPY_PHASE_STRIP = NO;
				DEBUG_INFORMATION_FORMAT = "dwarf-with-dsym";
				ENABLE_NS_ASSERTIONS = NO;
				ENABLE_STRICT_OBJC_MSGSEND = YES;
				ENABLE_USER_SCRIPT_SANDBOXING = YES;
				GCC_C_LANGUAGE_STANDARD = gnu17;
				GCC_NO_COMMON_BLOCKS = YES;
				GCC_WARN_64_TO_32_BIT_CONVERSION = YES;
				GCC_WARN_ABOUT_RETURN_TYPE = YES_ERROR;
				GCC_WARN_UNDECLARED_SELECTOR = YES;
				GCC_WARN_UNINITIALIZED_AUTOS = YES_AGGRESSIVE;
				GCC_WARN_UNUSED_FUNCTION = YES;
				GCC_WARN_UNUSED_VARIABLE = YES;
				IPHONEOS_DEPLOYMENT_TARGET = 18.4;
				LOCALIZATION_PREFERS_STRING_CATALOGS = YES;
				MTL_ENABLE_DEBUG_INFO = NO;
				MTL_FAST_MATH = YES;
				SDKROOT = iphoneos;
				SWIFT_COMPILATION_MODE = wholemodule;
				VALIDATE_PRODUCT = YES;
			};
			name = Release;
		};
		A64FA8122E4399E600E28761 /* Debug */ = {
			isa = XCBuildConfiguration;
			buildSettings = {
				ASSETCATALOG_COMPILER_APPICON_NAME = AppIcon;
				ASSETCATALOG_COMPILER_GLOBAL_ACCENT_COLOR_NAME = AccentColor;
				CODE_SIGN_STYLE = Automatic;
				CURRENT_PROJECT_VERSION = 1;
				ENABLE_PREVIEWS = YES;
				GENERATE_INFOPLIST_FILE = YES;
				INFOPLIST_KEY_UIApplicationSceneManifest_Generation = YES;
				INFOPLIST_KEY_UIApplicationSupportsIndirectInputEvents = YES;
				INFOPLIST_KEY_UILaunchScreen_Generation = YES;
				INFOPLIST_KEY_UISupportedInterfaceOrientations_iPad = "UIInterfaceOrientationPortrait UIInterfaceOrientationPortraitUpsideDown UIInterfaceOrientationLandscapeLeft UIInterfaceOrientationLandscapeRight";
				INFOPLIST_KEY_UISupportedInterfaceOrientations_iPhone = "UIInterfaceOrientationPortrait UIInterfaceOrientationLandscapeLeft UIInterfaceOrientationLandscapeRight";
				LD_RUNPATH_SEARCH_PATHS = (
					"$(inherited)",
					"@executable_path/Frameworks",
				);
				MARKETING_VERSION = 1.0;
				PRODUCT_BUNDLE_IDENTIFIER = ai.kal.iFast;
				PRODUCT_NAME = "$(TARGET_NAME)";
				SWIFT_EMIT_LOC_STRINGS = YES;
				SWIFT_VERSION = 5.0;
				TARGETED_DEVICE_FAMILY = "1,2";
			};
			name = Debug;
		};
		A64FA8132E4399E600E28761 /* Release */ = {
			isa = XCBuildConfiguration;
			buildSettings = {
				ASSETCATALOG_COMPILER_APPICON_NAME = AppIcon;
				ASSETCATALOG_COMPILER_GLOBAL_ACCENT_COLOR_NAME = AccentColor;
				CODE_SIGN_STYLE = Automatic;
				CURRENT_PROJECT_VERSION = 1;
				ENABLE_PREVIEWS = YES;
				GENERATE_INFOPLIST_FILE = YES;
				INFOPLIST_KEY_UIApplicationSceneManifest_Generation = YES;
				INFOPLIST_KEY_UIApplicationSupportsIndirectInputEvents = YES;
				INFOPLIST_KEY_UILaunchScreen_Generation = YES;
				INFOPLIST_KEY_UISupportedInterfaceOrientations_iPad = "UIInterfaceOrientationPortrait UIInterfaceOrientationPortraitUpsideDown UIInterfaceOrientationLandscapeLeft UIInterfaceOrientationLandscapeRight";
				INFOPLIST_KEY_UISupportedInterfaceOrientations_iPhone = "UIInterfaceOrientationPortrait UIInterfaceOrientationLandscapeLeft UIInterfaceOrientationLandscapeRight";
				LD_RUNPATH_SEARCH_PATHS = (
					"$(inherited)",
					"@executable_path/Frameworks",
				);
				MARKETING_VERSION = 1.0;
				PRODUCT_BUNDLE_IDENTIFIER = ai.kal.iFast;
				PRODUCT_NAME = "$(TARGET_NAME)";
				SWIFT_EMIT_LOC_STRINGS = YES;
				SWIFT_VERSION = 5.0;
				TARGETED_DEVICE_FAMILY = "1,2";
			};
			name = Release;
		};
		A64FA8152E4399E600E28761 /* Debug */ = {
			isa = XCBuildConfiguration;
			buildSettings = {
				BUNDLE_LOADER = "$(TEST_HOST)";
				CODE_SIGN_STYLE = Automatic;
				CURRENT_PROJECT_VERSION = 1;
				GENERATE_INFOPLIST_FILE = YES;
				IPHONEOS_DEPLOYMENT_TARGET = 18.4;
				MARKETING_VERSION = 1.0;
				PRODUCT_BUNDLE_IDENTIFIER = ai.kal.iFastTests;
				PRODUCT_NAME = "$(TARGET_NAME)";
				SWIFT_EMIT_LOC_STRINGS = NO;
				SWIFT_VERSION = 5.0;
				TARGETED_DEVICE_FAMILY = "1,2";
				TEST_HOST = "$(BUILT_PRODUCTS_DIR)/iFast.app/$(BUNDLE_EXECUTABLE_FOLDER_PATH)/iFast";
			};
			name = Debug;
		};
		A64FA8162E4399E600E28761 /* Release */ = {
			isa = XCBuildConfiguration;
			buildSettings = {
				BUNDLE_LOADER = "$(TEST_HOST)";
				CODE_SIGN_STYLE = Automatic;
				CURRENT_PROJECT_VERSION = 1;
				GENERATE_INFOPLIST_FILE = YES;
				IPHONEOS_DEPLOYMENT_TARGET = 18.4;
				MARKETING_VERSION = 1.0;
				PRODUCT_BUNDLE_IDENTIFIER = ai.kal.iFastTests;
				PRODUCT_NAME = "$(TARGET_NAME)";
				SWIFT_EMIT_LOC_STRINGS = NO;
				SWIFT_VERSION = 5.0;
				TARGETED_DEVICE_FAMILY = "1,2";
				TEST_HOST = "$(BUILT_PRODUCTS_DIR)/iFast.app/$(BUNDLE_EXECUTABLE_FOLDER_PATH)/iFast";
			};
			name = Release;
		};
		A64FA8182E4399E600E28761 /* Debug */ = {
			isa = XCBuildConfiguration;
			buildSettings = {
				CODE_SIGN_STYLE = Automatic;
				CURRENT_PROJECT_VERSION = 1;
				GENERATE_INFOPLIST_FILE = YES;
				MARKETING_VERSION = 1.0;
				PRODUCT_BUNDLE_IDENTIFIER = ai.kal.iFastUITests;
				PRODUCT_NAME = "$(TARGET_NAME)";
				SWIFT_EMIT_LOC_STRINGS = NO;
				SWIFT_VERSION = 5.0;
				TARGETED_DEVICE_FAMILY = "1,2";
				TEST_TARGET_NAME = iFast;
			};
			name = Debug;
		};
		A64FA8192E4399E600E28761 /* Release */ = {
			isa = XCBuildConfiguration;
			buildSettings = {
				CODE_SIGN_STYLE = Automatic;
				CURRENT_PROJECT_VERSION = 1;
				GENERATE_INFOPLIST_FILE = YES;
				MARKETING_VERSION = 1.0;
				PRODUCT_BUNDLE_IDENTIFIER = ai.kal.iFastUITests;
				PRODUCT_NAME = "$(TARGET_NAME)";
				SWIFT_EMIT_LOC_STRINGS = NO;
				SWIFT_VERSION = 5.0;
				TARGETED_DEVICE_FAMILY = "1,2";
				TEST_TARGET_NAME = iFast;
			};
			name = Release;
		};
/* End XCBuildConfiguration section */

/* Begin XCConfigurationList section */
		A64FA7EB2E4399E300E28761 /* Build configuration list for PBXProject "iFast" */ = {
			isa = XCConfigurationList;
			buildConfigurations = (
				A64FA80F2E4399E600E28761 /* Debug */,
				A64FA8102E4399E600E28761 /* Release */,
			);
			defaultConfigurationIsVisible = 0;
			defaultConfigurationName = Release;
		};
		A64FA8112E4399E600E28761 /* Build configuration list for PBXNativeTarget "iFast" */ = {
			isa = XCConfigurationList;
			buildConfigurations = (
				A64FA8122E4399E600E28761 /* Debug */,
				A64FA8132E4399E600E28761 /* Release */,
			);
			defaultConfigurationIsVisible = 0;
			defaultConfigurationName = Release;
		};
		A64FA8142E4399E600E28761 /* Build configuration list for PBXNativeTarget "iFastTests" */ = {
			isa = XCConfigurationList;
			buildConfigurations = (
				A64FA8152E4399E600E28761 /* Debug */,
				A64FA8162E4399E600E28761 /* Release */,
			);
			defaultConfigurationIsVisible = 0;
			defaultConfigurationName = Release;
		};
		A64FA8172E4399E600E28761 /* Build configuration list for PBXNativeTarget "iFastUITests" */ = {
			isa = XCConfigurationList;
			buildConfigurations = (
				A64FA8182E4399E600E28761 /* Debug */,
				A64FA8192E4399E600E28761 /* Release */,
			);
			defaultConfigurationIsVisible = 0;
			defaultConfigurationName = Release;
		};
/* End XCConfigurationList section */

/* Begin XCRemoteSwiftPackageReference section */
		A64FA81A2E4591F500E28761 /* XCRemoteSwiftPackageReference "Alamofire" */ = {
			isa = XCRemoteSwiftPackageReference;
			repositoryURL = "https://github.com/Alamofire/Alamofire.git";
			requirement = {
				kind = upToNextMajorVersion;
				minimumVersion = 5.10.2;
			};
		};
/* End XCRemoteSwiftPackageReference section */

/* Begin XCSwiftPackageProductDependency section */
		A64FA81B2E4591F500E28761 /* Alamofire */ = {
			isa = XCSwiftPackageProductDependency;
			package = A64FA81A2E4591F500E28761 /* XCRemoteSwiftPackageReference "Alamofire" */;
			productName = Alamofire;
		};

/* End XCSwiftPackageProductDependency section */
	};
	rootObject = A64FA7E82E4399E300E28761 /* Project object */;
}
